
Microsoft Visual Studio Solution File, Format Version 12.00
# Visual Studio Version 16
VisualStudioVersion = 16.0.32002.261
MinimumVisualStudioVersion = 10.0.40219.1
Project("{FAE04EC0-301F-11D3-BF4B-00C04F79EFBC}") = "cardstore_MVC", "cardstore_MVC\cardstore_MVC.csproj", "{90208095-AC67-41BE-AFDC-418F09406785}"
EndProject
Global
	GlobalSection(SolutionConfigurationPlatforms) = preSolution
		Debug|Any CPU = Debug|Any CPU
		Release|Any CPU = Release|Any CPU
	EndGlobalSection
	GlobalSection(ProjectConfigurationPlatforms) = postSolution
		{90208095-AC67-41BE-AFDC-418F09406785}.Debug|Any CPU.ActiveCfg = Debug|Any CPU
		{90208095-AC67-41BE-AFDC-418F09406785}.Debug|Any CPU.Build.0 = Debug|Any CPU
		{90208095-AC67-41BE-AFDC-418F09406785}.Release|Any CPU.ActiveCfg = Release|Any CPU
		{90208095-AC67-41BE-AFDC-418F09406785}.Release|Any CPU.Build.0 = Release|Any CPU
	EndGlobalSection
	GlobalSection(SolutionProperties) = preSolution
		HideSolutionNode = FALSE
	EndGlobalSection
	GlobalSection(ExtensibilityGlobals) = postSolution
		SolutionGuid = {7D9FEEB4-4BA0-4FB5-BB57-34061F52E6B6}
	EndGlobalSection
EndGlobal
